PODS:
  - Flutter (1.0.0)
  - key_hash (0.0.1):
    - Flutter
  - package_info (0.0.1):
    - Flutter

DEPENDENCIES:
  - Flutter (from `Flutter`)
  - key_hash (from `.symlinks/plugins/key_hash/ios`)
  - package_info (from `.symlinks/plugins/package_info/ios`)

EXTERNAL SOURCES:
  Flutter:
    :path: Flutter
  key_hash:
    :path: ".symlinks/plugins/key_hash/ios"
  package_info:
    :path: ".symlinks/plugins/package_info/ios"

SPEC CHECKSUMS:
  Flutter: 50d75fe2f02b26cc09d224853bb45737f8b3214a
  key_hash: 9bd305634072fc7be5ba1b86d04d3f85f14caa42
  package_info: 873975fc26034f0b863a300ad47e7f1ac6c7ec62

PODFILE CHECKSUM: aafe91acc616949ddb318b77800a7f51bffa2a4c

COCOAPODS: 1.10.0
